
Microsoft Visual Studio Solution File, Format Version 12.00
# Visual Studio Version 16
VisualStudioVersion = 16.0.30611.23
MinimumVisualStudioVersion = 10.0.40219.1
Project("{FAE04EC0-301F-11D3-BF4B-00C04F79EFBC}") = "Day7", "Day7.csproj", "{F999C496-8E11-45BA-8550-ACDD02DAAFEB}"
EndProject
Global
	GlobalSection(SolutionConfigurationPlatforms) = preSolution
		Debug|Any CPU = Debug|Any CPU
		Release|Any CPU = Release|Any CPU
	EndGlobalSection
	GlobalSection(ProjectConfigurationPlatforms) = postSolution
		{F999C496-8E11-45BA-8550-ACDD02DAAFEB}.Debug|Any CPU.ActiveCfg = Debug|Any CPU
		{F999C496-8E11-45BA-8550-ACDD02DAAFEB}.Debug|Any CPU.Build.0 = Debug|Any CPU
		{F999C496-8E11-45BA-8550-ACDD02DAAFEB}.Release|Any CPU.ActiveCfg = Release|Any CPU
		{F999C496-8E11-45BA-8550-ACDD02DAAFEB}.Release|Any CPU.Build.0 = Release|Any CPU
	EndGlobalSection
	GlobalSection(SolutionProperties) = preSolution
		HideSolutionNode = FALSE
	EndGlobalSection
	GlobalSection(ExtensibilityGlobals) = postSolution
		SolutionGuid = {18247203-1275-4861-94D2-6D835003D5CE}
	EndGlobalSection
EndGlobal
