
Microsoft Visual Studio Solution File, Format Version 12.00
# Visual Studio Version 17
VisualStudioVersion = 17.12.35521.163
MinimumVisualStudioVersion = 10.0.40219.1
Project("{FAE04EC0-301F-11D3-BF4B-00C04F79EFBC}") = "Day1", "Day1\Day1.csproj", "{AC38061E-66BA-40C1-8371-12B5A60CB904}"
EndProject
Project("{FAE04EC0-301F-11D3-BF4B-00C04F79EFBC}") = "Day2", "Day2\Day2.csproj", "{748E8392-2A91-43D7-B260-88FDDA211AD5}"
EndProject
Project("{FAE04EC0-301F-11D3-BF4B-00C04F79EFBC}") = "Day3", "Day3\Day3.csproj", "{D929E5AD-608F-4838-9603-E1F63F36F6AC}"
EndProject
Project("{FAE04EC0-301F-11D3-BF4B-00C04F79EFBC}") = "Day4", "Day4\Day4.csproj", "{78474BDB-CF60-4AC6-B4D6-D3D24980291B}"
EndProject
Project("{FAE04EC0-301F-11D3-BF4B-00C04F79EFBC}") = "Day5", "Day5\Day5.csproj", "{A434084A-A5F7-4841-982B-E11C113D7866}"
EndProject
Project("{FAE04EC0-301F-11D3-BF4B-00C04F79EFBC}") = "Day6", "Day6\Day6.csproj", "{76F94E47-966C-4CAD-A7B1-FA5C8B69CFDE}"
EndProject
Global
	GlobalSection(SolutionConfigurationPlatforms) = preSolution
		Debug|Any CPU = Debug|Any CPU
		Release|Any CPU = Release|Any CPU
	EndGlobalSection
	GlobalSection(ProjectConfigurationPlatforms) = postSolution
		{AC38061E-66BA-40C1-8371-12B5A60CB904}.Debug|Any CPU.ActiveCfg = Debug|Any CPU
		{AC38061E-66BA-40C1-8371-12B5A60CB904}.Debug|Any CPU.Build.0 = Debug|Any CPU
		{AC38061E-66BA-40C1-8371-12B5A60CB904}.Release|Any CPU.ActiveCfg = Release|Any CPU
		{AC38061E-66BA-40C1-8371-12B5A60CB904}.Release|Any CPU.Build.0 = Release|Any CPU
		{748E8392-2A91-43D7-B260-88FDDA211AD5}.Debug|Any CPU.ActiveCfg = Debug|Any CPU
		{748E8392-2A91-43D7-B260-88FDDA211AD5}.Debug|Any CPU.Build.0 = Debug|Any CPU
		{748E8392-2A91-43D7-B260-88FDDA211AD5}.Release|Any CPU.ActiveCfg = Release|Any CPU
		{748E8392-2A91-43D7-B260-88FDDA211AD5}.Release|Any CPU.Build.0 = Release|Any CPU
		{D929E5AD-608F-4838-9603-E1F63F36F6AC}.Debug|Any CPU.ActiveCfg = Debug|Any CPU
		{D929E5AD-608F-4838-9603-E1F63F36F6AC}.Debug|Any CPU.Build.0 = Debug|Any CPU
		{D929E5AD-608F-4838-9603-E1F63F36F6AC}.Release|Any CPU.ActiveCfg = Release|Any CPU
		{D929E5AD-608F-4838-9603-E1F63F36F6AC}.Release|Any CPU.Build.0 = Release|Any CPU
		{78474BDB-CF60-4AC6-B4D6-D3D24980291B}.Debug|Any CPU.ActiveCfg = Debug|Any CPU
		{78474BDB-CF60-4AC6-B4D6-D3D24980291B}.Debug|Any CPU.Build.0 = Debug|Any CPU
		{78474BDB-CF60-4AC6-B4D6-D3D24980291B}.Release|Any CPU.ActiveCfg = Release|Any CPU
		{78474BDB-CF60-4AC6-B4D6-D3D24980291B}.Release|Any CPU.Build.0 = Release|Any CPU
		{A434084A-A5F7-4841-982B-E11C113D7866}.Debug|Any CPU.ActiveCfg = Debug|Any CPU
		{A434084A-A5F7-4841-982B-E11C113D7866}.Debug|Any CPU.Build.0 = Debug|Any CPU
		{A434084A-A5F7-4841-982B-E11C113D7866}.Release|Any CPU.ActiveCfg = Release|Any CPU
		{A434084A-A5F7-4841-982B-E11C113D7866}.Release|Any CPU.Build.0 = Release|Any CPU
		{76F94E47-966C-4CAD-A7B1-FA5C8B69CFDE}.Debug|Any CPU.ActiveCfg = Debug|Any CPU
		{76F94E47-966C-4CAD-A7B1-FA5C8B69CFDE}.Debug|Any CPU.Build.0 = Debug|Any CPU
		{76F94E47-966C-4CAD-A7B1-FA5C8B69CFDE}.Release|Any CPU.ActiveCfg = Release|Any CPU
		{76F94E47-966C-4CAD-A7B1-FA5C8B69CFDE}.Release|Any CPU.Build.0 = Release|Any CPU
	EndGlobalSection
	GlobalSection(SolutionProperties) = preSolution
		HideSolutionNode = FALSE
	EndGlobalSection
EndGlobal
