
Microsoft Visual Studio Solution File, Format Version 12.00
# Visual Studio Version 16
VisualStudioVersion = 16.0.30611.23
MinimumVisualStudioVersion = 10.0.40219.1
Project("{FAE04EC0-301F-11D3-BF4B-00C04F79EFBC}") = "Day6", "Day6.csproj", "{ECDEB17D-AB07-4B67-8361-C6625338B650}"
EndProject
Global
	GlobalSection(SolutionConfigurationPlatforms) = preSolution
		Debug|Any CPU = Debug|Any CPU
		Release|Any CPU = Release|Any CPU
	EndGlobalSection
	GlobalSection(ProjectConfigurationPlatforms) = postSolution
		{ECDEB17D-AB07-4B67-8361-C6625338B650}.Debug|Any CPU.ActiveCfg = Debug|Any CPU
		{ECDEB17D-AB07-4B67-8361-C6625338B650}.Debug|Any CPU.Build.0 = Debug|Any CPU
		{ECDEB17D-AB07-4B67-8361-C6625338B650}.Release|Any CPU.ActiveCfg = Release|Any CPU
		{ECDEB17D-AB07-4B67-8361-C6625338B650}.Release|Any CPU.Build.0 = Release|Any CPU
	EndGlobalSection
	GlobalSection(SolutionProperties) = preSolution
		HideSolutionNode = FALSE
	EndGlobalSection
	GlobalSection(ExtensibilityGlobals) = postSolution
		SolutionGuid = {008AEE18-82F9-4D23-B04F-4FD1E2B784E1}
	EndGlobalSection
EndGlobal
